
Microsoft Visual Studio Solution File, Format Version 12.00
# Visual Studio Version 17
VisualStudioVersion = 17.4.33205.214
MinimumVisualStudioVersion = 10.0.40219.1
Project("{9A19103F-16F7-4668-BE54-9A1E7A4F7556}") = "ScheduleCalendar", "ScheduleCalendar\ScheduleCalendar.csproj", "{36EB00F4-B1CB-4577-BD1C-00625D54625C}"
EndProject
Project("{FAE04EC0-301F-11D3-BF4B-00C04F79EFBC}") = "ScheduleCalendar.Services", "ScheduleCalendar.Services\ScheduleCalendar.Services.csproj", "{1453332F-72FA-460E-928E-08429CCBD1F3}"
EndProject
Project("{FAE04EC0-301F-11D3-BF4B-00C04F79EFBC}") = "ScheduleCalendar.Services.Tests", "ScheduleCalendar.Services.Tests\ScheduleCalendar.Services.Tests.csproj", "{5A58984C-C578-4D85-A341-E68A3DD978BA}"
EndProject
Project("{FAE04EC0-301F-11D3-BF4B-00C04F79EFBC}") = "ScheduleCalendar.Repositories", "ScheduleCalendar.Repositories\ScheduleCalendar.Repositories.csproj", "{21FB05FD-8B58-4AA9-B6C3-C79E52F935A6}"
EndProject
Project("{9A19103F-16F7-4668-BE54-9A1E7A4F7556}") = "ScheduleCalendar.Data", "ScheduleCalendar.Data\ScheduleCalendar.Data.csproj", "{4B3346E6-59C6-49E3-83B1-36EAA208B4B0}"
EndProject
Global
	GlobalSection(SolutionConfigurationPlatforms) = preSolution
		Debug|Any CPU = Debug|Any CPU
		Release|Any CPU = Release|Any CPU
	EndGlobalSection
	GlobalSection(ProjectConfigurationPlatforms) = postSolution
		{36EB00F4-B1CB-4577-BD1C-00625D54625C}.Debug|Any CPU.ActiveCfg = Debug|Any CPU
		{36EB00F4-B1CB-4577-BD1C-00625D54625C}.Debug|Any CPU.Build.0 = Debug|Any CPU
		{36EB00F4-B1CB-4577-BD1C-00625D54625C}.Release|Any CPU.ActiveCfg = Release|Any CPU
		{36EB00F4-B1CB-4577-BD1C-00625D54625C}.Release|Any CPU.Build.0 = Release|Any CPU
		{1453332F-72FA-460E-928E-08429CCBD1F3}.Debug|Any CPU.ActiveCfg = Debug|Any CPU
		{1453332F-72FA-460E-928E-08429CCBD1F3}.Debug|Any CPU.Build.0 = Debug|Any CPU
		{1453332F-72FA-460E-928E-08429CCBD1F3}.Release|Any CPU.ActiveCfg = Release|Any CPU
		{1453332F-72FA-460E-928E-08429CCBD1F3}.Release|Any CPU.Build.0 = Release|Any CPU
		{5A58984C-C578-4D85-A341-E68A3DD978BA}.Debug|Any CPU.ActiveCfg = Debug|Any CPU
		{5A58984C-C578-4D85-A341-E68A3DD978BA}.Debug|Any CPU.Build.0 = Debug|Any CPU
		{5A58984C-C578-4D85-A341-E68A3DD978BA}.Release|Any CPU.ActiveCfg = Release|Any CPU
		{5A58984C-C578-4D85-A341-E68A3DD978BA}.Release|Any CPU.Build.0 = Release|Any CPU
		{21FB05FD-8B58-4AA9-B6C3-C79E52F935A6}.Debug|Any CPU.ActiveCfg = Debug|Any CPU
		{21FB05FD-8B58-4AA9-B6C3-C79E52F935A6}.Debug|Any CPU.Build.0 = Debug|Any CPU
		{21FB05FD-8B58-4AA9-B6C3-C79E52F935A6}.Release|Any CPU.ActiveCfg = Release|Any CPU
		{21FB05FD-8B58-4AA9-B6C3-C79E52F935A6}.Release|Any CPU.Build.0 = Release|Any CPU
		{4B3346E6-59C6-49E3-83B1-36EAA208B4B0}.Debug|Any CPU.ActiveCfg = Debug|Any CPU
		{4B3346E6-59C6-49E3-83B1-36EAA208B4B0}.Debug|Any CPU.Build.0 = Debug|Any CPU
		{4B3346E6-59C6-49E3-83B1-36EAA208B4B0}.Release|Any CPU.ActiveCfg = Release|Any CPU
		{4B3346E6-59C6-49E3-83B1-36EAA208B4B0}.Release|Any CPU.Build.0 = Release|Any CPU
	EndGlobalSection
	GlobalSection(SolutionProperties) = preSolution
		HideSolutionNode = FALSE
	EndGlobalSection
	GlobalSection(ExtensibilityGlobals) = postSolution
		SolutionGuid = {87B59278-A85B-4760-B1AA-CA4D4948FEE5}
	EndGlobalSection
EndGlobal
